
Microsoft Visual Studio Solution File, Format Version 12.00
# Visual Studio Version 17
VisualStudioVersion = 17.2.32516.85
MinimumVisualStudioVersion = 10.0.40219.1
Project("{FAE04EC0-301F-11D3-BF4B-00C04F79EFBC}") = "DesktopUI", "Ejemplo01\DesktopUI.csproj", "{AD1ECEE6-BB61-4316-AE1B-7E574E768A5D}"
EndProject
Global
	GlobalSection(SolutionConfigurationPlatforms) = preSolution
		Debug|Any CPU = Debug|Any CPU
		Release|Any CPU = Release|Any CPU
	EndGlobalSection
	GlobalSection(ProjectConfigurationPlatforms) = postSolution
		{AD1ECEE6-BB61-4316-AE1B-7E574E768A5D}.Debug|Any CPU.ActiveCfg = Debug|Any CPU
		{AD1ECEE6-BB61-4316-AE1B-7E574E768A5D}.Debug|Any CPU.Build.0 = Debug|Any CPU
		{AD1ECEE6-BB61-4316-AE1B-7E574E768A5D}.Release|Any CPU.ActiveCfg = Release|Any CPU
		{AD1ECEE6-BB61-4316-AE1B-7E574E768A5D}.Release|Any CPU.Build.0 = Release|Any CPU
	EndGlobalSection
	GlobalSection(SolutionProperties) = preSolution
		HideSolutionNode = FALSE
	EndGlobalSection
	GlobalSection(ExtensibilityGlobals) = postSolution
		SolutionGuid = {D43AD25B-556C-4C7E-B11F-03E5FD29D86C}
	EndGlobalSection
EndGlobal
